<?xml version="1.0" encoding="utf-8"?>
<Project ToolsVersion="4.0" xmlns="http://schemas.microsoft.com/developer/msbuild/2003">
  <ItemGroup>
    <ClCompile Include="Source\EnemyTroops.cpp" />
    <ClCompile Include="Source\EventManager.cpp" />
    <ClCompile Include="Source\Event_Chest.cpp" />
    <ClCompile Include="Source\Event_Teleport.cpp" />
    <ClCompile Include="Source\GameParty.cpp" />
    <ClCompile Include="Source\GuiBox.cpp" />
    <ClCompile Include="Source\GuiPanelSegmented.cpp" />
    <ClCompile Include="Source\NPC_Generic.cpp" />
    <ClCompile Include="Source\Player.cpp" />
    <ClCompile Include="Source\Scene_Battle.cpp" />
    <ClCompile Include="Source\Scene_Boot.cpp" />
    <ClCompile Include="Source\Scene_GameOver.cpp" />
    <ClCompile Include="Source\TextManager.cpp" />
    <ClCompile Include="Source\GuiButton.cpp" />
    <ClCompile Include="Source\Scene_Map.cpp" />
    <ClCompile Include="Source\Scene_Title.cpp" />
    <ClCompile Include="Source\Window_Base.cpp" />
    <ClCompile Include="Source\Main.cpp" />
    <ClCompile Include="Source\App.cpp" />
    <ClCompile Include="Source\Audio.cpp" />
    <ClCompile Include="Source\Input.cpp" />
    <ClCompile Include="Source\Map.cpp" />
    <ClCompile Include="Source\MapLayer.cpp" />
    <ClCompile Include="Source\ObjectLayer.cpp" />
    <ClCompile Include="Source\SceneManager.cpp" />
    <ClCompile Include="Source\Render.cpp" />
    <ClCompile Include="Source\TextureManager.cpp" />
    <ClCompile Include="Source\TileSet.cpp" />
    <ClCompile Include="Source\Window.cpp" />
    <ClCompile Include="Source\Window_Factory.cpp" />
    <ClCompile Include="Source\Window_List.cpp" />
    <ClCompile Include="Source\Window_Panel.cpp" />
    <ClCompile Include="Source\Log.cpp" />
    <ClCompile Include="Source\External\PugiXml\src\pugixml.cpp" />
    <ClCompile Include="Source\Easing.cpp" />
    <ClCompile Include="Source\GuiCheckbox.cpp" />
    <ClCompile Include="Source\Transition.cpp" />
    <ClCompile Include="Source\TransitionManager.cpp" />
    <ClCompile Include="Source\DB_Items.cpp" />
    <ClCompile Include="Source\GuiMenuList.cpp" />
    <ClCompile Include="Source\Transition_Blink.cpp" />
    <ClCompile Include="Source\Transition_FadeToColour.cpp" />
    <ClCompile Include="Source\Map_Window_Menu.cpp" />
    <ClCompile Include="Source\Map_Menu_MainCategories.cpp" />
    <ClCompile Include="Source\DB_Quests.cpp" />
    <ClCompile Include="Source\Quest.cpp" />
    <ClCompile Include="Source\Map_Menu_Inventory.cpp" />
    <ClCompile Include="Source\Map_Display_QuestLog.cpp" />
  </ItemGroup>
  <ItemGroup>
    <ClInclude Include="Source\EnemyTroops.h" />
    <ClInclude Include="Source\Event_Base.h" />
    <ClInclude Include="Source\EventManager.h" />
    <ClInclude Include="Source\Event_Chest.h" />
    <ClInclude Include="Source\Event_Teleport.h" />
    <ClInclude Include="Source\GameParty.h" />
    <ClInclude Include="Source\GuiBox.h" />
    <ClInclude Include="Source\GuiPanelSegmented.h" />
    <ClInclude Include="Source\NPC_Generic.h" />
    <ClInclude Include="Source\Player.h" />
    <ClInclude Include="Source\Scene_Battle.h" />
    <ClInclude Include="Source\Scene_Boot.h" />
    <ClInclude Include="Source\Scene_GameOver.h" />
    <ClInclude Include="Source\Sprite.h" />
    <ClInclude Include="Source\TextManager.h" />
    <ClInclude Include="Source\GuiButton.h" />
    <ClInclude Include="Source\GuiElement.h" />
    <ClInclude Include="Source\Scene_Base.h" />
    <ClInclude Include="Source\Scene_Map.h" />
    <ClInclude Include="Source\Scene_Title.h" />
    <ClInclude Include="Source\Transform.h" />
    <ClInclude Include="Source\Transform_Movable.h" />
    <ClInclude Include="Source\Window_Base.h" />
    <ClInclude Include="Source\Map.h" />
    <ClInclude Include="Source\MapLayer.h" />
    <ClInclude Include="Source\ObjectLayer.h" />
    <ClInclude Include="Source\SceneManager.h" />
    <ClInclude Include="Source\Audio.h" />
    <ClInclude Include="Source\Input.h" />
    <ClInclude Include="Source\App.h" />
    <ClInclude Include="Source\Module.h" />
    <ClInclude Include="Source\Render.h" />
    <ClInclude Include="Source\TextureManager.h" />
    <ClInclude Include="Source\TileSet.h" />
    <ClInclude Include="Source\Window.h" />
    <ClInclude Include="Source\Defs.h" />
    <ClInclude Include="Source\Log.h" />
    <ClInclude Include="Source\Point.h" />
    <ClInclude Include="Source\External\PugiXml\src\pugiconfig.hpp" />
    <ClInclude Include="Source\External\PugiXml\src\pugixml.hpp" />
    <ClInclude Include="Source\Window_Factory.h" />
    <ClInclude Include="Source\Window_List.h" />
    <ClInclude Include="Source\Window_Panel.h" />
    <ClInclude Include="Source\Easing.h" />
    <ClInclude Include="Source\GuiCheckbox.h" />
    <ClInclude Include="Source\Quest.h" />
    <ClInclude Include="Source\Transition.h" />
    <ClInclude Include="Source\TransitionManager.h" />
    <ClInclude Include="Source\DB_Items.h" />
    <ClInclude Include="Source\GuiMenuList.h" />
    <ClInclude Include="Source\Transition_Blink.h" />
    <ClInclude Include="Source\Colour.h" />
    <ClInclude Include="Source\Transition_FadeToColour.h" />
    <ClInclude Include="Source\Map_Window_Menu.h" />
    <ClInclude Include="Source\Map_Menu_MainCategories.h" />
    <ClInclude Include="Source\AdjacencyGraph.h" />
    <ClInclude Include="Source\DB_Quests.h" />
    <ClInclude Include="Source\Map_Menu_Inventory.h" />
    <ClInclude Include="Source\Map_Menu_ComponentParty.h" />
    <ClInclude Include="Source\Map_Display_QuestLog.h" />
  </ItemGroup>
  <ItemGroup>
    <Xml Include="..\Output\config.xml" />
    <Xml Include="..\Output\save_game.xml" />
  </ItemGroup>
  <ItemGroup>
    <None Include="..\Output\Assets\Maps\hello.tmx" />
    <None Include="..\Output\Assets\Maps\iso.tmx" />
    <None Include="..\Output\Assets\Maps\MapTemplate.tmx" />
  </ItemGroup>
</Project>